
Microsoft Visual Studio Solution File, Format Version 12.00
# Visual Studio Version 16
VisualStudioVersion = 16.0.31402.337
MinimumVisualStudioVersion = 10.0.40219.1
Project("{FAE04EC0-301F-11D3-BF4B-00C04F79EFBC}") = "AI_Task", "AI_Task\AI_Task.csproj", "{EB076178-9F80-47A2-A6E5-258476955968}"
EndProject
Global
	GlobalSection(SolutionConfigurationPlatforms) = preSolution
		Debug|Any CPU = Debug|Any CPU
		Release|Any CPU = Release|Any CPU
	EndGlobalSection
	GlobalSection(ProjectConfigurationPlatforms) = postSolution
		{EB076178-9F80-47A2-A6E5-258476955968}.Debug|Any CPU.ActiveCfg = Debug|Any CPU
		{EB076178-9F80-47A2-A6E5-258476955968}.Debug|Any CPU.Build.0 = Debug|Any CPU
		{EB076178-9F80-47A2-A6E5-258476955968}.Release|Any CPU.ActiveCfg = Release|Any CPU
		{EB076178-9F80-47A2-A6E5-258476955968}.Release|Any CPU.Build.0 = Release|Any CPU
	EndGlobalSection
	GlobalSection(SolutionProperties) = preSolution
		HideSolutionNode = FALSE
	EndGlobalSection
	GlobalSection(ExtensibilityGlobals) = postSolution
		SolutionGuid = {D28EACC9-185C-4906-A3D7-99C2AC6A798E}
	EndGlobalSection
EndGlobal
